{
  "name": "shared-team-session",
  "version": "1.0.0",
  "lockfileVersion": 3,
  "requires": true,
  "packages": {
    "": {
      "name": "shared-team-session",
      "version": "1.0.0",
      "dependencies": {
        "@alchemystai/sdk": "^0.11.1"
      }
    },
    "node_modules/@alchemystai/sdk": {
      "version": "0.11.1",
      "resolved": "https://registry.npmjs.org/@alchemystai/sdk/-/sdk-0.11.1.tgz",
      "integrity": "sha512-rku29c3VkaMwybPiIFmDN2d3+22QO6YhfGqZ/b2GbVbRBhJJYP5X/slQwZHIyI/B8xGPZWZprFl5CldAgMTwFQ==",
      "license": "Apache-2.0"
    }
  }
}
